{
  "version": "4",
  "specifiers": {
    "npm:@shopware-ag/app-server-sdk@^1.1.5": "1.1.5_hono@4.6.3",
    "npm:hono@^4.6.3": "4.6.3"
  },
  "npm": {
    "@shopware-ag/app-server-sdk@1.1.5_hono@4.6.3": {
      "integrity": "sha512-6VdyTyrS6IWATxir/Vydd1BF/0b3hw6l/pd+7pdysHvnnganqXeBObQT+9+ez7kyCLe5LXgLNIXkwu79OB842Q==",
      "dependencies": [
        "hono"
      ]
    },
    "hono@4.6.3": {
      "integrity": "sha512-0LeEuBNFeSHGqZ9sNVVgZjB1V5fmhkBSB0hZrpqStSMLOWgfLy0dHOvrjbJh0H2khsjet6rbHfWTHY0kpYThKQ=="
    }
  },
  "workspace": {
    "dependencies": [
      "npm:@shopware-ag/app-server-sdk@^1.1.5",
      "npm:hono@^4.6.3"
    ]
  }
}
