{
	"name": "@shopware-ag/app-server-sdk-hono",
	"version": "1.0.0",
	"lockfileVersion": 3,
	"requires": true,
	"packages": {
		"": {
			"name": "@shopware-ag/app-server-sdk-hono",
			"version": "1.0.0",
			"license": "MIT",
			"dependencies": {
				"@shopware-ag/app-server-sdk": "^1.0.0",
				"hono": "^4.5.0"
			}
		},
		"../app-server-sdk": {
			"name": "@shopware-ag/app-server-sdk",
			"version": "1.0.0",
			"license": "MIT",
			"devDependencies": {
				"@biomejs/biome": "1.8.3",
				"@types/bun": "^1.1.6",
				"hono": "^4.5.6",
				"tshy": "^3.0.2"
			}
		},
		"node_modules/@shopware-ag/app-server-sdk": {
			"resolved": "../app-server-sdk",
			"link": true
		},
		"node_modules/hono": {
			"version": "4.5.8",
			"license": "MIT",
			"engines": {
				"node": ">=16.0.0"
			}
		}
	}
}
